Microsoft Visual Studio Solution File, Format Version 12.00
# Visual Studio Version 17
VisualStudioVersion = 17.5.2.0
MinimumVisualStudioVersion = 10.0.40219.1
Project("{FAE04EC0-301F-11D3-BF4B-00C04F79EFBC}") = "EmprestimosLivros", "EmprestimosLivros\EmprestimosLivros.csproj", "{CF5908EF-8E61-7DC3-8162-3567C7C645DD}"
EndProject
Global
	GlobalSection(SolutionConfigurationPlatforms) = preSolution
		Debug|Any CPU = Debug|Any CPU
		Release|Any CPU = Release|Any CPU
	EndGlobalSection
	GlobalSection(ProjectConfigurationPlatforms) = postSolution
		{CF5908EF-8E61-7DC3-8162-3567C7C645DD}.Debug|Any CPU.ActiveCfg = Debug|Any CPU
		{CF5908EF-8E61-7DC3-8162-3567C7C645DD}.Debug|Any CPU.Build.0 = Debug|Any CPU
		{CF5908EF-8E61-7DC3-8162-3567C7C645DD}.Release|Any CPU.ActiveCfg = Release|Any CPU
		{CF5908EF-8E61-7DC3-8162-3567C7C645DD}.Release|Any CPU.Build.0 = Release|Any CPU
	EndGlobalSection
	GlobalSection(SolutionProperties) = preSolution
		HideSolutionNode = FALSE
	EndGlobalSection
	GlobalSection(ExtensibilityGlobals) = postSolution
		SolutionGuid = {AE363AAB-2528-48E8-966C-FCF2DE89601B}
	EndGlobalSection
EndGlobal
